
Microsoft Visual Studio Solution File, Format Version 12.00
# Visual Studio Version 17
VisualStudioVersion = 17.7.34031.279
MinimumVisualStudioVersion = 10.0.40219.1
Project("{9A19103F-16F7-4668-BE54-9A1E7A4F7556}") = "BlazorApp_Login", "BlazorApp_Login\BlazorApp_Login.csproj", "{15A923E5-0984-4E38-9DAE-E4E5D1AA5CF8}"
EndProject
Global
	GlobalSection(SolutionConfigurationPlatforms) = preSolution
		Debug|Any CPU = Debug|Any CPU
		Release|Any CPU = Release|Any CPU
	EndGlobalSection
	GlobalSection(ProjectConfigurationPlatforms) = postSolution
		{15A923E5-0984-4E38-9DAE-E4E5D1AA5CF8}.Debug|Any CPU.ActiveCfg = Debug|Any CPU
		{15A923E5-0984-4E38-9DAE-E4E5D1AA5CF8}.Debug|Any CPU.Build.0 = Debug|Any CPU
		{15A923E5-0984-4E38-9DAE-E4E5D1AA5CF8}.Release|Any CPU.ActiveCfg = Release|Any CPU
		{15A923E5-0984-4E38-9DAE-E4E5D1AA5CF8}.Release|Any CPU.Build.0 = Release|Any CPU
	EndGlobalSection
	GlobalSection(SolutionProperties) = preSolution
		HideSolutionNode = FALSE
	EndGlobalSection
	GlobalSection(ExtensibilityGlobals) = postSolution
		SolutionGuid = {234C271B-20B6-4AEE-8DD9-3C974D4E40BA}
	EndGlobalSection
EndGlobal
